
Microsoft Visual Studio Solution File, Format Version 12.00
# Visual Studio 14
VisualStudioVersion = 14.0.25123.0
MinimumVisualStudioVersion = 10.0.40219.1
Project("{FAE04EC0-301F-11D3-BF4B-00C04F79EFBC}") = "Collaboration.WebApp", "Collaboration.WebApp\Collaboration.WebApp.csproj", "{463B37C4-CC0D-4340-B567-2D819A091E02}"
EndProject
Project("{FAE04EC0-301F-11D3-BF4B-00C04F79EFBC}") = "Collaboration.WebApp.Tests", "Collaboration.WebApp.Tests\Collaboration.WebApp.Tests.csproj", "{CEB9CE20-2660-4611-8C51-E2E1E1A06F0C}"
EndProject
Global
	GlobalSection(SolutionConfigurationPlatforms) = preSolution
		Debug|Any CPU = Debug|Any CPU
		Release|Any CPU = Release|Any CPU
	EndGlobalSection
	GlobalSection(ProjectConfigurationPlatforms) = postSolution
		{463B37C4-CC0D-4340-B567-2D819A091E02}.Debug|Any CPU.ActiveCfg = Debug|Any CPU
		{463B37C4-CC0D-4340-B567-2D819A091E02}.Debug|Any CPU.Build.0 = Debug|Any CPU
		{463B37C4-CC0D-4340-B567-2D819A091E02}.Release|Any CPU.ActiveCfg = Release|Any CPU
		{463B37C4-CC0D-4340-B567-2D819A091E02}.Release|Any CPU.Build.0 = Release|Any CPU
		{CEB9CE20-2660-4611-8C51-E2E1E1A06F0C}.Debug|Any CPU.ActiveCfg = Debug|Any CPU
		{CEB9CE20-2660-4611-8C51-E2E1E1A06F0C}.Debug|Any CPU.Build.0 = Debug|Any CPU
		{CEB9CE20-2660-4611-8C51-E2E1E1A06F0C}.Release|Any CPU.ActiveCfg = Release|Any CPU
		{CEB9CE20-2660-4611-8C51-E2E1E1A06F0C}.Release|Any CPU.Build.0 = Release|Any CPU
	EndGlobalSection
	GlobalSection(SolutionProperties) = preSolution
		HideSolutionNode = FALSE
	EndGlobalSection
EndGlobal
